
Microsoft Visual Studio Solution File, Format Version 12.00
# Visual Studio 2012
Project("{FAE04EC0-301F-11D3-BF4B-00C04F79EFBC}") = "CarAppAndroid", "m2mAIRMobile\CarAppAndroid.csproj", "{18927E1F-ED62-4082-9FCE-94CF64AD9083}"
EndProject
Project("{D954291E-2A0B-460D-934E-DC6B0785DB48}") = "CarAppShared", "Shared\CarAppShared.shproj", "{A720C89D-2016-4C6A-AD92-1A6370170BAC}"
EndProject
Project("{D954291E-2A0B-460D-934E-DC6B0785DB48}") = "TelitAccessShare", "TelitAccessShare\TelitAccessShare.shproj", "{BABBED45-1501-4155-8CA8-3A4B78A56043}"
EndProject
Project("{FAE04EC0-301F-11D3-BF4B-00C04F79EFBC}") = "LockAndSafe", "LockAndSafe\LockAndSafe.csproj", "{2C4273A6-4C1A-422F-8E3F-84A1D0A89B20}"
EndProject
Global
	GlobalSection(SolutionConfigurationPlatforms) = preSolution
		Debug|Any CPU = Debug|Any CPU
		Release|Any CPU = Release|Any CPU
	EndGlobalSection
	GlobalSection(ProjectConfigurationPlatforms) = postSolution
		{18927E1F-ED62-4082-9FCE-94CF64AD9083}.Debug|Any CPU.ActiveCfg = Debug|Any CPU
		{18927E1F-ED62-4082-9FCE-94CF64AD9083}.Debug|Any CPU.Build.0 = Debug|Any CPU
		{18927E1F-ED62-4082-9FCE-94CF64AD9083}.Release|Any CPU.ActiveCfg = Release|Any CPU
		{18927E1F-ED62-4082-9FCE-94CF64AD9083}.Release|Any CPU.Build.0 = Release|Any CPU
		{2C4273A6-4C1A-422F-8E3F-84A1D0A89B20}.Debug|Any CPU.ActiveCfg = Debug|Any CPU
		{2C4273A6-4C1A-422F-8E3F-84A1D0A89B20}.Debug|Any CPU.Build.0 = Debug|Any CPU
		{2C4273A6-4C1A-422F-8E3F-84A1D0A89B20}.Release|Any CPU.ActiveCfg = Release|Any CPU
		{2C4273A6-4C1A-422F-8E3F-84A1D0A89B20}.Release|Any CPU.Build.0 = Release|Any CPU
	EndGlobalSection
	GlobalSection(MonoDevelopProperties) = preSolution
		Policies = $0
		$0.DotNetNamingPolicy = $1
		$1.DirectoryNamespaceAssociation = PrefixedHierarchical
		$1.ResourceNamePolicy = FileFormatDefault
	EndGlobalSection
EndGlobal
